{
  "version": 1,
  "dependencies": {
    "net10.0-windows7.0": {
      "SharpCompress": {
        "type": "Direct",
        "requested": "[0.50.4, )",
        "resolved": "0.50.4",
        "contentHash": "/hxjUR7DEX6mky8/LQXyrnrKioOL6D6veAID1EZpro+q4s02x5dHEYBV3qjEN6lDYYilDoQQ76BcmQj+lRx51w=="
      }
    },
    "net10.0-windows7.0/win-x64": {}
  }
}